
Microsoft Visual Studio Solution File, Format Version 12.00
# Visual Studio Version 16
VisualStudioVersion = 16.0.28803.202
MinimumVisualStudioVersion = 10.0.40219.1
Project("{FAE04EC0-301F-11D3-BF4B-00C04F79EFBC}") = "AITrader", "AITrader\AITrader.csproj", "{272F6A1E-2325-4BB4-8132-0F9FC425B227}"
EndProject
Project("{FAE04EC0-301F-11D3-BF4B-00C04F79EFBC}") = "Strategy", "StrategyManager\Strategy.csproj", "{DEEDED71-E553-4651-AF65-8F0843518B16}"
EndProject
Project("{9A19103F-16F7-4668-BE54-9A1E7A4F7556}") = "OKExSDK", "OKExSDK\OKExSDK.csproj", "{3F628ECF-6B6A-444F-A8D3-AED50411D008}"
EndProject
Project("{FAE04EC0-301F-11D3-BF4B-00C04F79EFBC}") = "OKExSDKLibrary", "OKExSDKLibrary\OKExSDKLibrary.csproj", "{B850F1E4-7037-4429-A0BD-36E1BDC2E4E1}"
EndProject
Project("{FAE04EC0-301F-11D3-BF4B-00C04F79EFBC}") = "APIConnect", "APIConnect\APIConnect.csproj", "{AAAD92D8-F00F-411D-9497-D07218E90574}"
EndProject
Project("{FAE04EC0-301F-11D3-BF4B-00C04F79EFBC}") = "Common", "Common\Common.csproj", "{A819554E-18A1-4520-BB5E-211C08395E9F}"
EndProject
Project("{FAE04EC0-301F-11D3-BF4B-00C04F79EFBC}") = "Indicators", "Indicators\Indicators.csproj", "{8C75BB80-8985-4682-A38A-F610F0FDF3BE}"
EndProject
Project("{FAE04EC0-301F-11D3-BF4B-00C04F79EFBC}") = "TALibraryInCSharp", "TALibraryInCSharp\TALibraryInCSharp.csproj", "{C2671CB2-5A5A-49D6-9C43-E2F1F6A13F27}"
EndProject
Project("{FAE04EC0-301F-11D3-BF4B-00C04F79EFBC}") = "Reg", "Reg\Reg.csproj", "{B19AF320-428E-4EEC-AEE0-66F5B6F05C9F}"
EndProject
Project("{54435603-DBB4-11D2-8724-00A0C9A8B90C}") = "AITrader-Setup", "AITrader-Setup\AITrader-Setup.vdproj", "{EA560DD5-8E23-4115-A627-E7CC47A3C972}"
EndProject
Project("{FAE04EC0-301F-11D3-BF4B-00C04F79EFBC}") = "GithubApi", "GithubApi\GithubApi.csproj", "{DB756388-AD5A-4CBC-81B0-A1C1B5401695}"
EndProject
Project("{FAE04EC0-301F-11D3-BF4B-00C04F79EFBC}") = "DDE", "DDE\DDE.csproj", "{4FBA82E4-4766-4593-8B33-01CCF2953F5D}"
EndProject
Project("{9A19103F-16F7-4668-BE54-9A1E7A4F7556}") = "SqlLiteManager", "SqlLiteManager\SqlLiteManager.csproj", "{721C0940-8D65-4235-B8C0-2AC9822576B2}"
EndProject
Project("{FAE04EC0-301F-11D3-BF4B-00C04F79EFBC}") = "TestProxy", "TestProxy\TestProxy.csproj", "{CCE7838F-7A30-4613-93CC-188412ADB649}"
EndProject
Project("{FAE04EC0-301F-11D3-BF4B-00C04F79EFBC}") = "MongoDB", "MongoDB\MongoDB.csproj", "{E552F833-2DBC-4A01-9A1B-7635ACF136F4}"
EndProject
Global
	GlobalSection(SolutionConfigurationPlatforms) = preSolution
		Debug|Any CPU = Debug|Any CPU
		Debug|x86 = Debug|x86
		Release|Any CPU = Release|Any CPU
		Release|x86 = Release|x86
	EndGlobalSection
	GlobalSection(ProjectConfigurationPlatforms) = postSolution
		{272F6A1E-2325-4BB4-8132-0F9FC425B227}.Debug|Any CPU.ActiveCfg = Debug|Any CPU
		{272F6A1E-2325-4BB4-8132-0F9FC425B227}.Debug|Any CPU.Build.0 = Debug|Any CPU
		{272F6A1E-2325-4BB4-8132-0F9FC425B227}.Debug|x86.ActiveCfg = Debug|Any CPU
		{272F6A1E-2325-4BB4-8132-0F9FC425B227}.Debug|x86.Build.0 = Debug|Any CPU
		{272F6A1E-2325-4BB4-8132-0F9FC425B227}.Release|Any CPU.ActiveCfg = Release|Any CPU
		{272F6A1E-2325-4BB4-8132-0F9FC425B227}.Release|Any CPU.Build.0 = Release|Any CPU
		{272F6A1E-2325-4BB4-8132-0F9FC425B227}.Release|x86.ActiveCfg = Release|Any CPU
		{272F6A1E-2325-4BB4-8132-0F9FC425B227}.Release|x86.Build.0 = Release|Any CPU
		{DEEDED71-E553-4651-AF65-8F0843518B16}.Debug|Any CPU.ActiveCfg = Debug|Any CPU
		{DEEDED71-E553-4651-AF65-8F0843518B16}.Debug|Any CPU.Build.0 = Debug|Any CPU
		{DEEDED71-E553-4651-AF65-8F0843518B16}.Debug|x86.ActiveCfg = Debug|Any CPU
		{DEEDED71-E553-4651-AF65-8F0843518B16}.Debug|x86.Build.0 = Debug|Any CPU
		{DEEDED71-E553-4651-AF65-8F0843518B16}.Release|Any CPU.ActiveCfg = Release|Any CPU
		{DEEDED71-E553-4651-AF65-8F0843518B16}.Release|Any CPU.Build.0 = Release|Any CPU
		{DEEDED71-E553-4651-AF65-8F0843518B16}.Release|x86.ActiveCfg = Release|Any CPU
		{DEEDED71-E553-4651-AF65-8F0843518B16}.Release|x86.Build.0 = Release|Any CPU
		{3F628ECF-6B6A-444F-A8D3-AED50411D008}.Debug|Any CPU.ActiveCfg = Debug|Any CPU
		{3F628ECF-6B6A-444F-A8D3-AED50411D008}.Debug|Any CPU.Build.0 = Debug|Any CPU
		{3F628ECF-6B6A-444F-A8D3-AED50411D008}.Debug|x86.ActiveCfg = Debug|Any CPU
		{3F628ECF-6B6A-444F-A8D3-AED50411D008}.Debug|x86.Build.0 = Debug|Any CPU
		{3F628ECF-6B6A-444F-A8D3-AED50411D008}.Release|Any CPU.ActiveCfg = Release|Any CPU
		{3F628ECF-6B6A-444F-A8D3-AED50411D008}.Release|Any CPU.Build.0 = Release|Any CPU
		{3F628ECF-6B6A-444F-A8D3-AED50411D008}.Release|x86.ActiveCfg = Release|Any CPU
		{3F628ECF-6B6A-444F-A8D3-AED50411D008}.Release|x86.Build.0 = Release|Any CPU
		{B850F1E4-7037-4429-A0BD-36E1BDC2E4E1}.Debug|Any CPU.ActiveCfg = Debug|Any CPU
		{B850F1E4-7037-4429-A0BD-36E1BDC2E4E1}.Debug|Any CPU.Build.0 = Debug|Any CPU
		{B850F1E4-7037-4429-A0BD-36E1BDC2E4E1}.Debug|x86.ActiveCfg = Debug|Any CPU
		{B850F1E4-7037-4429-A0BD-36E1BDC2E4E1}.Debug|x86.Build.0 = Debug|Any CPU
		{B850F1E4-7037-4429-A0BD-36E1BDC2E4E1}.Release|Any CPU.ActiveCfg = Release|Any CPU
		{B850F1E4-7037-4429-A0BD-36E1BDC2E4E1}.Release|Any CPU.Build.0 = Release|Any CPU
		{B850F1E4-7037-4429-A0BD-36E1BDC2E4E1}.Release|x86.ActiveCfg = Release|Any CPU
		{B850F1E4-7037-4429-A0BD-36E1BDC2E4E1}.Release|x86.Build.0 = Release|Any CPU
		{AAAD92D8-F00F-411D-9497-D07218E90574}.Debug|Any CPU.ActiveCfg = Debug|Any CPU
		{AAAD92D8-F00F-411D-9497-D07218E90574}.Debug|Any CPU.Build.0 = Debug|Any CPU
		{AAAD92D8-F00F-411D-9497-D07218E90574}.Debug|x86.ActiveCfg = Debug|Any CPU
		{AAAD92D8-F00F-411D-9497-D07218E90574}.Debug|x86.Build.0 = Debug|Any CPU
		{AAAD92D8-F00F-411D-9497-D07218E90574}.Release|Any CPU.ActiveCfg = Release|Any CPU
		{AAAD92D8-F00F-411D-9497-D07218E90574}.Release|Any CPU.Build.0 = Release|Any CPU
		{AAAD92D8-F00F-411D-9497-D07218E90574}.Release|x86.ActiveCfg = Release|Any CPU
		{AAAD92D8-F00F-411D-9497-D07218E90574}.Release|x86.Build.0 = Release|Any CPU
		{A819554E-18A1-4520-BB5E-211C08395E9F}.Debug|Any CPU.ActiveCfg = Debug|Any CPU
		{A819554E-18A1-4520-BB5E-211C08395E9F}.Debug|Any CPU.Build.0 = Debug|Any CPU
		{A819554E-18A1-4520-BB5E-211C08395E9F}.Debug|x86.ActiveCfg = Debug|Any CPU
		{A819554E-18A1-4520-BB5E-211C08395E9F}.Debug|x86.Build.0 = Debug|Any CPU
		{A819554E-18A1-4520-BB5E-211C08395E9F}.Release|Any CPU.ActiveCfg = Release|Any CPU
		{A819554E-18A1-4520-BB5E-211C08395E9F}.Release|Any CPU.Build.0 = Release|Any CPU
		{A819554E-18A1-4520-BB5E-211C08395E9F}.Release|x86.ActiveCfg = Release|Any CPU
		{A819554E-18A1-4520-BB5E-211C08395E9F}.Release|x86.Build.0 = Release|Any CPU
		{8C75BB80-8985-4682-A38A-F610F0FDF3BE}.Debug|Any CPU.ActiveCfg = Debug|Any CPU
		{8C75BB80-8985-4682-A38A-F610F0FDF3BE}.Debug|Any CPU.Build.0 = Debug|Any CPU
		{8C75BB80-8985-4682-A38A-F610F0FDF3BE}.Debug|x86.ActiveCfg = Debug|Any CPU
		{8C75BB80-8985-4682-A38A-F610F0FDF3BE}.Debug|x86.Build.0 = Debug|Any CPU
		{8C75BB80-8985-4682-A38A-F610F0FDF3BE}.Release|Any CPU.ActiveCfg = Release|Any CPU
		{8C75BB80-8985-4682-A38A-F610F0FDF3BE}.Release|Any CPU.Build.0 = Release|Any CPU
		{8C75BB80-8985-4682-A38A-F610F0FDF3BE}.Release|x86.ActiveCfg = Release|Any CPU
		{8C75BB80-8985-4682-A38A-F610F0FDF3BE}.Release|x86.Build.0 = Release|Any CPU
		{C2671CB2-5A5A-49D6-9C43-E2F1F6A13F27}.Debug|Any CPU.ActiveCfg = Debug|Any CPU
		{C2671CB2-5A5A-49D6-9C43-E2F1F6A13F27}.Debug|Any CPU.Build.0 = Debug|Any CPU
		{C2671CB2-5A5A-49D6-9C43-E2F1F6A13F27}.Debug|x86.ActiveCfg = Debug|Any CPU
		{C2671CB2-5A5A-49D6-9C43-E2F1F6A13F27}.Debug|x86.Build.0 = Debug|Any CPU
		{C2671CB2-5A5A-49D6-9C43-E2F1F6A13F27}.Release|Any CPU.ActiveCfg = Release|Any CPU
		{C2671CB2-5A5A-49D6-9C43-E2F1F6A13F27}.Release|Any CPU.Build.0 = Release|Any CPU
		{C2671CB2-5A5A-49D6-9C43-E2F1F6A13F27}.Release|x86.ActiveCfg = Release|Any CPU
		{C2671CB2-5A5A-49D6-9C43-E2F1F6A13F27}.Release|x86.Build.0 = Release|Any CPU
		{B19AF320-428E-4EEC-AEE0-66F5B6F05C9F}.Debug|Any CPU.ActiveCfg = Debug|Any CPU
		{B19AF320-428E-4EEC-AEE0-66F5B6F05C9F}.Debug|Any CPU.Build.0 = Debug|Any CPU
		{B19AF320-428E-4EEC-AEE0-66F5B6F05C9F}.Debug|x86.ActiveCfg = Debug|Any CPU
		{B19AF320-428E-4EEC-AEE0-66F5B6F05C9F}.Debug|x86.Build.0 = Debug|Any CPU
		{B19AF320-428E-4EEC-AEE0-66F5B6F05C9F}.Release|Any CPU.ActiveCfg = Release|Any CPU
		{B19AF320-428E-4EEC-AEE0-66F5B6F05C9F}.Release|Any CPU.Build.0 = Release|Any CPU
		{B19AF320-428E-4EEC-AEE0-66F5B6F05C9F}.Release|x86.ActiveCfg = Release|Any CPU
		{B19AF320-428E-4EEC-AEE0-66F5B6F05C9F}.Release|x86.Build.0 = Release|Any CPU
		{EA560DD5-8E23-4115-A627-E7CC47A3C972}.Debug|Any CPU.ActiveCfg = Debug
		{EA560DD5-8E23-4115-A627-E7CC47A3C972}.Debug|x86.ActiveCfg = Debug
		{EA560DD5-8E23-4115-A627-E7CC47A3C972}.Release|Any CPU.ActiveCfg = Release
		{EA560DD5-8E23-4115-A627-E7CC47A3C972}.Release|x86.ActiveCfg = Release
		{DB756388-AD5A-4CBC-81B0-A1C1B5401695}.Debug|Any CPU.ActiveCfg = Debug|Any CPU
		{DB756388-AD5A-4CBC-81B0-A1C1B5401695}.Debug|Any CPU.Build.0 = Debug|Any CPU
		{DB756388-AD5A-4CBC-81B0-A1C1B5401695}.Debug|x86.ActiveCfg = Debug|Any CPU
		{DB756388-AD5A-4CBC-81B0-A1C1B5401695}.Debug|x86.Build.0 = Debug|Any CPU
		{DB756388-AD5A-4CBC-81B0-A1C1B5401695}.Release|Any CPU.ActiveCfg = Release|Any CPU
		{DB756388-AD5A-4CBC-81B0-A1C1B5401695}.Release|Any CPU.Build.0 = Release|Any CPU
		{DB756388-AD5A-4CBC-81B0-A1C1B5401695}.Release|x86.ActiveCfg = Release|Any CPU
		{DB756388-AD5A-4CBC-81B0-A1C1B5401695}.Release|x86.Build.0 = Release|Any CPU
		{4FBA82E4-4766-4593-8B33-01CCF2953F5D}.Debug|Any CPU.ActiveCfg = Debug|Any CPU
		{4FBA82E4-4766-4593-8B33-01CCF2953F5D}.Debug|Any CPU.Build.0 = Debug|Any CPU
		{4FBA82E4-4766-4593-8B33-01CCF2953F5D}.Debug|x86.ActiveCfg = Debug|Any CPU
		{4FBA82E4-4766-4593-8B33-01CCF2953F5D}.Debug|x86.Build.0 = Debug|Any CPU
		{4FBA82E4-4766-4593-8B33-01CCF2953F5D}.Release|Any CPU.ActiveCfg = Release|Any CPU
		{4FBA82E4-4766-4593-8B33-01CCF2953F5D}.Release|Any CPU.Build.0 = Release|Any CPU
		{4FBA82E4-4766-4593-8B33-01CCF2953F5D}.Release|x86.ActiveCfg = Release|Any CPU
		{4FBA82E4-4766-4593-8B33-01CCF2953F5D}.Release|x86.Build.0 = Release|Any CPU
		{721C0940-8D65-4235-B8C0-2AC9822576B2}.Debug|Any CPU.ActiveCfg = Debug|Any CPU
		{721C0940-8D65-4235-B8C0-2AC9822576B2}.Debug|Any CPU.Build.0 = Debug|Any CPU
		{721C0940-8D65-4235-B8C0-2AC9822576B2}.Debug|x86.ActiveCfg = Debug|Any CPU
		{721C0940-8D65-4235-B8C0-2AC9822576B2}.Debug|x86.Build.0 = Debug|Any CPU
		{721C0940-8D65-4235-B8C0-2AC9822576B2}.Release|Any CPU.ActiveCfg = Release|Any CPU
		{721C0940-8D65-4235-B8C0-2AC9822576B2}.Release|Any CPU.Build.0 = Release|Any CPU
		{721C0940-8D65-4235-B8C0-2AC9822576B2}.Release|x86.ActiveCfg = Release|Any CPU
		{721C0940-8D65-4235-B8C0-2AC9822576B2}.Release|x86.Build.0 = Release|Any CPU
		{CCE7838F-7A30-4613-93CC-188412ADB649}.Debug|Any CPU.ActiveCfg = Debug|Any CPU
		{CCE7838F-7A30-4613-93CC-188412ADB649}.Debug|Any CPU.Build.0 = Debug|Any CPU
		{CCE7838F-7A30-4613-93CC-188412ADB649}.Debug|x86.ActiveCfg = Debug|Any CPU
		{CCE7838F-7A30-4613-93CC-188412ADB649}.Debug|x86.Build.0 = Debug|Any CPU
		{CCE7838F-7A30-4613-93CC-188412ADB649}.Release|Any CPU.ActiveCfg = Release|Any CPU
		{CCE7838F-7A30-4613-93CC-188412ADB649}.Release|Any CPU.Build.0 = Release|Any CPU
		{CCE7838F-7A30-4613-93CC-188412ADB649}.Release|x86.ActiveCfg = Release|Any CPU
		{CCE7838F-7A30-4613-93CC-188412ADB649}.Release|x86.Build.0 = Release|Any CPU
		{E552F833-2DBC-4A01-9A1B-7635ACF136F4}.Debug|Any CPU.ActiveCfg = Debug|Any CPU
		{E552F833-2DBC-4A01-9A1B-7635ACF136F4}.Debug|Any CPU.Build.0 = Debug|Any CPU
		{E552F833-2DBC-4A01-9A1B-7635ACF136F4}.Debug|x86.ActiveCfg = Debug|Any CPU
		{E552F833-2DBC-4A01-9A1B-7635ACF136F4}.Debug|x86.Build.0 = Debug|Any CPU
		{E552F833-2DBC-4A01-9A1B-7635ACF136F4}.Release|Any CPU.ActiveCfg = Release|Any CPU
		{E552F833-2DBC-4A01-9A1B-7635ACF136F4}.Release|Any CPU.Build.0 = Release|Any CPU
		{E552F833-2DBC-4A01-9A1B-7635ACF136F4}.Release|x86.ActiveCfg = Release|Any CPU
		{E552F833-2DBC-4A01-9A1B-7635ACF136F4}.Release|x86.Build.0 = Release|Any CPU
	EndGlobalSection
	GlobalSection(SolutionProperties) = preSolution
		HideSolutionNode = FALSE
	EndGlobalSection
	GlobalSection(ExtensibilityGlobals) = postSolution
		SolutionGuid = {B3D7B1B6-E82E-48C6-9953-4B8A92376971}
	EndGlobalSection
EndGlobal
